
Microsoft Visual Studio Solution File, Format Version 12.00
# Visual Studio Version 17
VisualStudioVersion = 17.5.33424.131
MinimumVisualStudioVersion = 10.0.40219.1
Project("{FAE04EC0-301F-11D3-BF4B-00C04F79EFBC}") = "ejercicio01", "ejercicio01\ejercicio01.csproj", "{F9BEC837-F29E-4C99-A511-ABB9B91F9CBA}"
EndProject
Project("{FAE04EC0-301F-11D3-BF4B-00C04F79EFBC}") = "ejercicio02", "ejercicio02\ejercicio02.csproj", "{BE29893A-1264-4EF3-A6BF-737620BACE9A}"
EndProject
Project("{FAE04EC0-301F-11D3-BF4B-00C04F79EFBC}") = "ejercicio03", "ejercicio03\ejercicio03.csproj", "{0096F1D0-D6B2-4321-B02F-6F7A1F97674B}"
EndProject
Project("{FAE04EC0-301F-11D3-BF4B-00C04F79EFBC}") = "ejercicio04", "ejercicio04\ejercicio04.csproj", "{C5E0B8D4-47FB-4097-B125-D90AE11A35B5}"
EndProject
Global
	GlobalSection(SolutionConfigurationPlatforms) = preSolution
		Debug|Any CPU = Debug|Any CPU
		Release|Any CPU = Release|Any CPU
	EndGlobalSection
	GlobalSection(ProjectConfigurationPlatforms) = postSolution
		{F9BEC837-F29E-4C99-A511-ABB9B91F9CBA}.Debug|Any CPU.ActiveCfg = Debug|Any CPU
		{F9BEC837-F29E-4C99-A511-ABB9B91F9CBA}.Debug|Any CPU.Build.0 = Debug|Any CPU
		{F9BEC837-F29E-4C99-A511-ABB9B91F9CBA}.Release|Any CPU.ActiveCfg = Release|Any CPU
		{F9BEC837-F29E-4C99-A511-ABB9B91F9CBA}.Release|Any CPU.Build.0 = Release|Any CPU
		{BE29893A-1264-4EF3-A6BF-737620BACE9A}.Debug|Any CPU.ActiveCfg = Debug|Any CPU
		{BE29893A-1264-4EF3-A6BF-737620BACE9A}.Debug|Any CPU.Build.0 = Debug|Any CPU
		{BE29893A-1264-4EF3-A6BF-737620BACE9A}.Release|Any CPU.ActiveCfg = Release|Any CPU
		{BE29893A-1264-4EF3-A6BF-737620BACE9A}.Release|Any CPU.Build.0 = Release|Any CPU
		{0096F1D0-D6B2-4321-B02F-6F7A1F97674B}.Debug|Any CPU.ActiveCfg = Debug|Any CPU
		{0096F1D0-D6B2-4321-B02F-6F7A1F97674B}.Debug|Any CPU.Build.0 = Debug|Any CPU
		{0096F1D0-D6B2-4321-B02F-6F7A1F97674B}.Release|Any CPU.ActiveCfg = Release|Any CPU
		{0096F1D0-D6B2-4321-B02F-6F7A1F97674B}.Release|Any CPU.Build.0 = Release|Any CPU
		{C5E0B8D4-47FB-4097-B125-D90AE11A35B5}.Debug|Any CPU.ActiveCfg = Debug|Any CPU
		{C5E0B8D4-47FB-4097-B125-D90AE11A35B5}.Debug|Any CPU.Build.0 = Debug|Any CPU
		{C5E0B8D4-47FB-4097-B125-D90AE11A35B5}.Release|Any CPU.ActiveCfg = Release|Any CPU
		{C5E0B8D4-47FB-4097-B125-D90AE11A35B5}.Release|Any CPU.Build.0 = Release|Any CPU
	EndGlobalSection
	GlobalSection(SolutionProperties) = preSolution
		HideSolutionNode = FALSE
	EndGlobalSection
	GlobalSection(ExtensibilityGlobals) = postSolution
		SolutionGuid = {039D2F52-E1F7-440B-8FD8-62A48F614616}
	EndGlobalSection
EndGlobal
