
Microsoft Visual Studio Solution File, Format Version 12.00
# Visual Studio Version 17
VisualStudioVersion = 17.6.33815.320
MinimumVisualStudioVersion = 10.0.40219.1
Project("{FAE04EC0-301F-11D3-BF4B-00C04F79EFBC}") = "ejercicio02", "ejercicio02\ejercicio02.csproj", "{BE29893A-1264-4EF3-A6BF-737620BACE9A}"
EndProject
Global
	GlobalSection(SolutionConfigurationPlatforms) = preSolution
		Debug|Any CPU = Debug|Any CPU
		Release|Any CPU = Release|Any CPU
	EndGlobalSection
	GlobalSection(ProjectConfigurationPlatforms) = postSolution
		{BE29893A-1264-4EF3-A6BF-737620BACE9A}.Debug|Any CPU.ActiveCfg = Debug|Any CPU
		{BE29893A-1264-4EF3-A6BF-737620BACE9A}.Debug|Any CPU.Build.0 = Debug|Any CPU
		{BE29893A-1264-4EF3-A6BF-737620BACE9A}.Release|Any CPU.ActiveCfg = Release|Any CPU
		{BE29893A-1264-4EF3-A6BF-737620BACE9A}.Release|Any CPU.Build.0 = Release|Any CPU
	EndGlobalSection
	GlobalSection(SolutionProperties) = preSolution
		HideSolutionNode = FALSE
	EndGlobalSection
	GlobalSection(ExtensibilityGlobals) = postSolution
		SolutionGuid = {577081F4-A0AF-4AF2-83F3-E6C19B4E0860}
	EndGlobalSection
EndGlobal
