
Microsoft Visual Studio Solution File, Format Version 12.00
# Visual Studio Version 16
VisualStudioVersion = 16.0.33529.622
MinimumVisualStudioVersion = 10.0.40219.1
Project("{FAE04EC0-301F-11D3-BF4B-00C04F79EFBC}") = "MUSEO", "MUSEO\MUSEO.csproj", "{C0599FDE-C9CD-4117-91BD-D7A252E455FB}"
EndProject
Global
	GlobalSection(SolutionConfigurationPlatforms) = preSolution
		Debug|Any CPU = Debug|Any CPU
		Release|Any CPU = Release|Any CPU
	EndGlobalSection
	GlobalSection(ProjectConfigurationPlatforms) = postSolution
		{C0599FDE-C9CD-4117-91BD-D7A252E455FB}.Debug|Any CPU.ActiveCfg = Debug|Any CPU
		{C0599FDE-C9CD-4117-91BD-D7A252E455FB}.Debug|Any CPU.Build.0 = Debug|Any CPU
		{C0599FDE-C9CD-4117-91BD-D7A252E455FB}.Release|Any CPU.ActiveCfg = Release|Any CPU
		{C0599FDE-C9CD-4117-91BD-D7A252E455FB}.Release|Any CPU.Build.0 = Release|Any CPU
	EndGlobalSection
	GlobalSection(SolutionProperties) = preSolution
		HideSolutionNode = FALSE
	EndGlobalSection
	GlobalSection(ExtensibilityGlobals) = postSolution
		SolutionGuid = {639B27D9-7EF5-474F-8E5A-A48D9C660CED}
	EndGlobalSection
EndGlobal
